{
  "originHash" : "06dca1e8c1d2bf2746a709ea4efa10b8b82559bdf9a7bf9fbdf1816cce1af961",
  "pins" : [
    {
      "identity" : "swift-rich-html-editor",
      "kind" : "remoteSourceControl",
      "location" : "https://github.com/21millionforever/swift-rich-html-editor.git",
      "state" : {
        "branch" : "headings2",
        "revision" : "eca3dcf5cc733b73d83acc2974d25ab6d88cacf2"
      }
    }
  ],
  "version" : 3
}
