{
  "originHash" : "06dca1e8c1d2bf2746a709ea4efa10b8b82559bdf9a7bf9fbdf1816cce1af961",
  "pins" : [
    {
      "identity" : "swift-rich-html-editor",
      "kind" : "remoteSourceControl",
      "location" : "https://github.com/21millionforever/swift-rich-html-editor.git",
      "state" : {
        "branch" : "headings",
        "revision" : "7427116d8cffcf1934d1ada2877d17451e80478f"
      }
    }
  ],
  "version" : 3
}
